
Microsoft Visual Studio Solution File, Format Version 12.00
# Visual Studio Version 17
VisualStudioVersion = 17.6.33801.468
MinimumVisualStudioVersion = 10.0.40219.1
Project("{2150E333-8FDC-42A3-9474-1A3956D46DE8}") = "src", "src", "{62EFD16C-B105-4814-8BBE-7DC82FF0E6EE}"
EndProject
Project("{2150E333-8FDC-42A3-9474-1A3956D46DE8}") = "API", "API", "{446550BD-F4E7-4840-AEE0-7C5CF5798B8D}"
EndProject
Project("{2150E333-8FDC-42A3-9474-1A3956D46DE8}") = "Infrastructure", "Infrastructure", "{F1DD8F2B-7841-4CA4-8C3F-7AEB71675579}"
EndProject
Project("{2150E333-8FDC-42A3-9474-1A3956D46DE8}") = "UI", "UI", "{BCA042AE-975C-4761-B531-009D1F1279D2}"
EndProject
Project("{2150E333-8FDC-42A3-9474-1A3956D46DE8}") = "Core", "Core", "{43954C88-6483-4E7B-88DF-EC519FA41644}"
EndProject
Project("{2150E333-8FDC-42A3-9474-1A3956D46DE8}") = "test", "test", "{30EB8244-DF91-4922-9124-FFEFFE555556}"
EndProject
Project("{9A19103F-16F7-4668-BE54-9A1E7A4F7556}") = "HR.LeaveManagement.Domain", "HR.LeaveManagement.Domain\HR.LeaveManagement.Domain.csproj", "{8EF1A162-EE8E-4E6B-BCD1-A4F28A0F5D14}"
EndProject
Project("{9A19103F-16F7-4668-BE54-9A1E7A4F7556}") = "HR.LeaveManagement.Persistence", "HR.LeaveManagement.Persistence\HR.LeaveManagement.Persistence.csproj", "{DC9BAC73-3157-4099-AE8E-B14EAEFF20F0}"
EndProject
Project("{9A19103F-16F7-4668-BE54-9A1E7A4F7556}") = "HR.LeaveManagement.Infrastructure", "HR.LeaveManagement.Infrastructure\HR.LeaveManagement.Infrastructure.csproj", "{B6632688-AD18-47BF-9C3A-71919AC89F43}"
EndProject
Project("{9A19103F-16F7-4668-BE54-9A1E7A4F7556}") = "HR.LeaveManagement.Api", "HR.LeaveManagement.Api\HR.LeaveManagement.Api.csproj", "{4E105077-3537-4118-8EC1-8B53AA0BE807}"
EndProject
Project("{9A19103F-16F7-4668-BE54-9A1E7A4F7556}") = "HR.LeaveManagement.Application", "HR.LeaveManagement.Application\HR.LeaveManagement.Application.csproj", "{89806D77-0398-4CF4-99E3-EAE46353C5FC}"
EndProject
Global
	GlobalSection(SolutionConfigurationPlatforms) = preSolution
		Debug|Any CPU = Debug|Any CPU
		Release|Any CPU = Release|Any CPU
	EndGlobalSection
	GlobalSection(ProjectConfigurationPlatforms) = postSolution
		{8EF1A162-EE8E-4E6B-BCD1-A4F28A0F5D14}.Debug|Any CPU.ActiveCfg = Debug|Any CPU
		{8EF1A162-EE8E-4E6B-BCD1-A4F28A0F5D14}.Debug|Any CPU.Build.0 = Debug|Any CPU
		{8EF1A162-EE8E-4E6B-BCD1-A4F28A0F5D14}.Release|Any CPU.ActiveCfg = Release|Any CPU
		{8EF1A162-EE8E-4E6B-BCD1-A4F28A0F5D14}.Release|Any CPU.Build.0 = Release|Any CPU
		{DC9BAC73-3157-4099-AE8E-B14EAEFF20F0}.Debug|Any CPU.ActiveCfg = Debug|Any CPU
		{DC9BAC73-3157-4099-AE8E-B14EAEFF20F0}.Debug|Any CPU.Build.0 = Debug|Any CPU
		{DC9BAC73-3157-4099-AE8E-B14EAEFF20F0}.Release|Any CPU.ActiveCfg = Release|Any CPU
		{DC9BAC73-3157-4099-AE8E-B14EAEFF20F0}.Release|Any CPU.Build.0 = Release|Any CPU
		{B6632688-AD18-47BF-9C3A-71919AC89F43}.Debug|Any CPU.ActiveCfg = Debug|Any CPU
		{B6632688-AD18-47BF-9C3A-71919AC89F43}.Debug|Any CPU.Build.0 = Debug|Any CPU
		{B6632688-AD18-47BF-9C3A-71919AC89F43}.Release|Any CPU.ActiveCfg = Release|Any CPU
		{B6632688-AD18-47BF-9C3A-71919AC89F43}.Release|Any CPU.Build.0 = Release|Any CPU
		{4E105077-3537-4118-8EC1-8B53AA0BE807}.Debug|Any CPU.ActiveCfg = Debug|Any CPU
		{4E105077-3537-4118-8EC1-8B53AA0BE807}.Debug|Any CPU.Build.0 = Debug|Any CPU
		{4E105077-3537-4118-8EC1-8B53AA0BE807}.Release|Any CPU.ActiveCfg = Release|Any CPU
		{4E105077-3537-4118-8EC1-8B53AA0BE807}.Release|Any CPU.Build.0 = Release|Any CPU
		{89806D77-0398-4CF4-99E3-EAE46353C5FC}.Debug|Any CPU.ActiveCfg = Debug|Any CPU
		{89806D77-0398-4CF4-99E3-EAE46353C5FC}.Debug|Any CPU.Build.0 = Debug|Any CPU
		{89806D77-0398-4CF4-99E3-EAE46353C5FC}.Release|Any CPU.ActiveCfg = Release|Any CPU
		{89806D77-0398-4CF4-99E3-EAE46353C5FC}.Release|Any CPU.Build.0 = Release|Any CPU
	EndGlobalSection
	GlobalSection(SolutionProperties) = preSolution
		HideSolutionNode = FALSE
	EndGlobalSection
	GlobalSection(NestedProjects) = preSolution
		{446550BD-F4E7-4840-AEE0-7C5CF5798B8D} = {62EFD16C-B105-4814-8BBE-7DC82FF0E6EE}
		{F1DD8F2B-7841-4CA4-8C3F-7AEB71675579} = {62EFD16C-B105-4814-8BBE-7DC82FF0E6EE}
		{BCA042AE-975C-4761-B531-009D1F1279D2} = {62EFD16C-B105-4814-8BBE-7DC82FF0E6EE}
		{43954C88-6483-4E7B-88DF-EC519FA41644} = {62EFD16C-B105-4814-8BBE-7DC82FF0E6EE}
		{8EF1A162-EE8E-4E6B-BCD1-A4F28A0F5D14} = {43954C88-6483-4E7B-88DF-EC519FA41644}
		{DC9BAC73-3157-4099-AE8E-B14EAEFF20F0} = {F1DD8F2B-7841-4CA4-8C3F-7AEB71675579}
		{B6632688-AD18-47BF-9C3A-71919AC89F43} = {F1DD8F2B-7841-4CA4-8C3F-7AEB71675579}
		{4E105077-3537-4118-8EC1-8B53AA0BE807} = {446550BD-F4E7-4840-AEE0-7C5CF5798B8D}
		{89806D77-0398-4CF4-99E3-EAE46353C5FC} = {43954C88-6483-4E7B-88DF-EC519FA41644}
	EndGlobalSection
	GlobalSection(ExtensibilityGlobals) = postSolution
		SolutionGuid = {ECCE7468-51E6-4408-9E86-9C1C25D0CEF2}
	EndGlobalSection
EndGlobal
